Microsoft Visual Studio Solution File, Format Version 11.00
# Visual Studio 2008

Project("{60AD0690-CEFA-E695-BB9D-6D33BB6EC679}") = "MinionRun2", "Assembly-CSharp.csproj", "{4241176E-BB49-FA03-B1CE-4D6BC280FD50}"
EndProject
Global
	GlobalSection(SolutionConfigurationPlatforms) = preSolution
		Debug|Any CPU = Debug|Any CPU
		Release|Any CPU = Release|Any CPU
	EndGlobalSection
	GlobalSection(ProjectConfigurationPlatforms) = postSolution
		{4241176E-BB49-FA03-B1CE-4D6BC280FD50}.Debug|Any CPU.ActiveCfg = Debug|Any CPU
		{4241176E-BB49-FA03-B1CE-4D6BC280FD50}.Debug|Any CPU.Build.0 = Debug|Any CPU
		{4241176E-BB49-FA03-B1CE-4D6BC280FD50}.Release|Any CPU.ActiveCfg = Release|Any CPU
		{4241176E-BB49-FA03-B1CE-4D6BC280FD50}.Release|Any CPU.Build.0 = Release|Any CPU
	EndGlobalSection
	GlobalSection(SolutionProperties) = preSolution
		HideSolutionNode = FALSE
	EndGlobalSection
	GlobalSection(MonoDevelopProperties) = preSolution
		StartupItem = Assembly-CSharp.csproj
	EndGlobalSection
EndGlobal
