Microsoft Visual Studio Solution File, Format Version 11.00
# Visual Studio 2008

Project("{CD3055E2-A19A-DA56-7ED3-69A0EB7C683C}") = "RunOver", "Assembly-CSharp.csproj", "{1467F204-7887-9B18-8B99-942144763127}"
EndProject
Global
	GlobalSection(SolutionConfigurationPlatforms) = preSolution
		Debug|Any CPU = Debug|Any CPU
		Release|Any CPU = Release|Any CPU
	EndGlobalSection
	GlobalSection(ProjectConfigurationPlatforms) = postSolution
		{1467F204-7887-9B18-8B99-942144763127}.Debug|Any CPU.ActiveCfg = Debug|Any CPU
		{1467F204-7887-9B18-8B99-942144763127}.Debug|Any CPU.Build.0 = Debug|Any CPU
		{1467F204-7887-9B18-8B99-942144763127}.Release|Any CPU.ActiveCfg = Release|Any CPU
		{1467F204-7887-9B18-8B99-942144763127}.Release|Any CPU.Build.0 = Release|Any CPU
	EndGlobalSection
	GlobalSection(SolutionProperties) = preSolution
		HideSolutionNode = FALSE
	EndGlobalSection
	GlobalSection(MonoDevelopProperties) = preSolution
		StartupItem = Assembly-CSharp.csproj
	EndGlobalSection
EndGlobal
